
Microsoft Visual Studio Solution File, Format Version 12.00
# Visual Studio Version 16
VisualStudioVersion = 16.0.30804.86
MinimumVisualStudioVersion = 10.0.40219.1
Project("{D2ABAB84-BF74-430A-B69E-9DC6D40DDA17}") = "NaszBankGwiazda_15", "NaszBankGwiazda\NaszBankGwiazda_15.dwproj", "{B99E71A6-75C3-405E-92AC-0BE3F3C4FA09}"
EndProject
Global
	GlobalSection(SolutionConfigurationPlatforms) = preSolution
		Development|Default = Development|Default
	EndGlobalSection
	GlobalSection(ProjectConfigurationPlatforms) = postSolution
		{B99E71A6-75C3-405E-92AC-0BE3F3C4FA09}.Development|Default.ActiveCfg = Development
		{B99E71A6-75C3-405E-92AC-0BE3F3C4FA09}.Development|Default.Build.0 = Development
		{B99E71A6-75C3-405E-92AC-0BE3F3C4FA09}.Development|Default.Deploy.0 = Development
	EndGlobalSection
	GlobalSection(SolutionProperties) = preSolution
		HideSolutionNode = FALSE
	EndGlobalSection
	GlobalSection(ExtensibilityGlobals) = postSolution
		SolutionGuid = {E063BDAD-5140-4399-B772-4E982642695C}
	EndGlobalSection
EndGlobal
